// !$*UTF8*$!
{
	archiveVersion = 1;
	classes = {
	};
	objectVersion = 50;
	objects = {

/* Begin PBXBuildFile section */
		B2DC9418211E8940004AAE86 /* AppDelegate.swift in Sources */ = {isa = PBXBuildFile; fileRef = B2DC9417211E8940004AAE86 /* AppDelegate.swift */; };
		B2DC941D211E8940004AAE86 /* Main.storyboard in Resources */ = {isa = PBXBuildFile; fileRef = B2DC941B211E8940004AAE86 /* Main.storyboard */; };
		B2DC941F211E8941004AAE86 /* Assets.xcassets in Resources */ = {isa = PBXBuildFile; fileRef = B2DC941E211E8941004AAE86 /* Assets.xcassets */; };
		B2DC9422211E8942004AAE86 /* LaunchScreen.storyboard in Resources */ = {isa = PBXBuildFile; fileRef = B2DC9420211E8942004AAE86 /* LaunchScreen.storyboard */; };
		B2DC942D211E8942004AAE86 /* MyMemoAppTests.swift in Sources */ = {isa = PBXBuildFile; fileRef = B2DC942C211E8942004AAE86 /* MyMemoAppTests.swift */; };
		B2DC9438211E8942004AAE86 /* MyMemoAppUITests.swift in Sources */ = {isa = PBXBuildFile; fileRef = B2DC9437211E8942004AAE86 /* MyMemoAppUITests.swift */; };
		B2DC9446211E8A90004AAE86 /* MemoTableViewController.swift in Sources */ = {isa = PBXBuildFile; fileRef = B2DC9445211E8A90004AAE86 /* MemoTableViewController.swift */; };
		B2DC9448211EB8C3004AAE86 /* MemoViewController.swift in Sources */ = {isa = PBXBuildFile; fileRef = B2DC9447211EB8C3004AAE86 /* MemoViewController.swift */; };
/* End PBXBuildFile section */

/* Begin PBXContainerItemProxy section */
		B2DC9429211E8942004AAE86 /* PBXContainerItemProxy */ = {
			isa = PBXContainerItemProxy;
			containerPortal = B2DC940C211E8940004AAE86 /* Project object */;
			proxyType = 1;
			remoteGlobalIDString = B2DC9413211E8940004AAE86;
			remoteInfo = MyMemoApp;
		};
		B2DC9434211E8942004AAE86 /* PBXContainerItemProxy */ = {
			isa = PBXContainerItemProxy;
			containerPortal = B2DC940C211E8940004AAE86 /* Project object */;
			proxyType = 1;
			remoteGlobalIDString = B2DC9413211E8940004AAE86;
			remoteInfo = MyMemoApp;
		};
/* End PBXContainerItemProxy section */

/* Begin PBXFileReference section */
		B2DC9414211E8940004AAE86 /* MyMemoApp.app */ = {isa = PBXFileReference; explicitFileType = wrapper.application; includeInIndex = 0; path = MyMemoApp.app; sourceTree = BUILT_PRODUCTS_DIR; };
		B2DC9417211E8940004AAE86 /* AppDelegate.swift */ = {isa = PBXFileReference; lastKnownFileType = sourcecode.swift; path = AppDelegate.swift; sourceTree = "<group>"; };
		B2DC941C211E8940004AAE86 /* Base */ = {isa = PBXFileReference; lastKnownFileType = file.storyboard; name = Base; path = Base.lproj/Main.storyboard; sourceTree = "<group>"; };
		B2DC941E211E8941004AAE86 /* Assets.xcassets */ = {isa = PBXFileReference; lastKnownFileType = folder.assetcatalog; path = Assets.xcassets; sourceTree = "<group>"; };
		B2DC9421211E8942004AAE86 /* Base */ = {isa = PBXFileReference; lastKnownFileType = file.storyboard; name = Base; path = Base.lproj/LaunchScreen.storyboard; sourceTree = "<group>"; };
		B2DC9423211E8942004AAE86 /* Info.plist */ = {isa = PBXFileReference; lastKnownFileType = text.plist.xml; path = Info.plist; sourceTree = "<group>"; };
		B2DC9428211E8942004AAE86 /* MyMemoAppTests.xctest */ = {isa = PBXFileReference; explicitFileType = wrapper.cfbundle; includeInIndex = 0; path = MyMemoAppTests.xctest; sourceTree = BUILT_PRODUCTS_DIR; };
		B2DC942C211E8942004AAE86 /* MyMemoAppTests.swift */ = {isa = PBXFileReference; lastKnownFileType = sourcecode.swift; path = MyMemoAppTests.swift; sourceTree = "<group>"; };
		B2DC942E211E8942004AAE86 /* Info.plist */ = {isa = PBXFileReference; lastKnownFileType = text.plist.xml; path = Info.plist; sourceTree = "<group>"; };
		B2DC9433211E8942004AAE86 /* MyMemoAppUITests.xctest */ = {isa = PBXFileReference; explicitFileType = wrapper.cfbundle; includeInIndex = 0; path = MyMemoAppUITests.xctest; sourceTree = BUILT_PRODUCTS_DIR; };
		B2DC9437211E8942004AAE86 /* MyMemoAppUITests.swift */ = {isa = PBXFileReference; lastKnownFileType = sourcecode.swift; path = MyMemoAppUITests.swift; sourceTree = "<group>"; };
		B2DC9439211E8942004AAE86 /* Info.plist */ = {isa = PBXFileReference; lastKnownFileType = text.plist.xml; path = Info.plist; sourceTree = "<group>"; };
		B2DC9445211E8A90004AAE86 /* MemoTableViewController.swift */ = {isa = PBXFileReference; lastKnownFileType = sourcecode.swift; path = MemoTableViewController.swift; sourceTree = "<group>"; };
		B2DC9447211EB8C3004AAE86 /* MemoViewController.swift */ = {isa = PBXFileReference; lastKnownFileType = sourcecode.swift; path = MemoViewController.swift; sourceTree = "<group>"; };
/* End PBXFileReference section */

/* Begin PBXFrameworksBuildPhase section */
		B2DC9411211E8940004AAE86 /* Frameworks */ = {
			isa = PBXFrameworksBuildPhase;
			buildActionMask = 2147483647;
			files = (
			);
			runOnlyForDeploymentPostprocessing = 0;
		};
		B2DC9425211E8942004AAE86 /* Frameworks */ = {
			isa = PBXFrameworksBuildPhase;
			buildActionMask = 2147483647;
			files = (
			);
			runOnlyForDeploymentPostprocessing = 0;
		};
		B2DC9430211E8942004AAE86 /* Frameworks */ = {
			isa = PBXFrameworksBuildPhase;
			buildActionMask = 2147483647;
			files = (
			);
			runOnlyForDeploymentPostprocessing = 0;
		};
/* End PBXFrameworksBuildPhase section */

/* Begin PBXGroup section */
		B2DC940B211E893F004AAE86 = {
			isa = PBXGroup;
			children = (
				B2DC9416211E8940004AAE86 /* MyMemoApp */,
				B2DC942B211E8942004AAE86 /* MyMemoAppTests */,
				B2DC9436211E8942004AAE86 /* MyMemoAppUITests */,
				B2DC9415211E8940004AAE86 /* Products */,
			);
			sourceTree = "<group>";
		};
		B2DC9415211E8940004AAE86 /* Products */ = {
			isa = PBXGroup;
			children = (
				B2DC9414211E8940004AAE86 /* MyMemoApp.app */,
				B2DC9428211E8942004AAE86 /* MyMemoAppTests.xctest */,
				B2DC9433211E8942004AAE86 /* MyMemoAppUITests.xctest */,
			);
			name = Products;
			sourceTree = "<group>";
		};
		B2DC9416211E8940004AAE86 /* MyMemoApp */ = {
			isa = PBXGroup;
			children = (
				B2DC9417211E8940004AAE86 /* AppDelegate.swift */,
				B2DC9447211EB8C3004AAE86 /* MemoViewController.swift */,
				B2DC9445211E8A90004AAE86 /* MemoTableViewController.swift */,
				B2DC941B211E8940004AAE86 /* Main.storyboard */,
				B2DC941E211E8941004AAE86 /* Assets.xcassets */,
				B2DC9420211E8942004AAE86 /* LaunchScreen.storyboard */,
				B2DC9423211E8942004AAE86 /* Info.plist */,
			);
			path = MyMemoApp;
			sourceTree = "<group>";
		};
		B2DC942B211E8942004AAE86 /* MyMemoAppTests */ = {
			isa = PBXGroup;
			children = (
				B2DC942C211E8942004AAE86 /* MyMemoAppTests.swift */,
				B2DC942E211E8942004AAE86 /* Info.plist */,
			);
			path = MyMemoAppTests;
			sourceTree = "<group>";
		};
		B2DC9436211E8942004AAE86 /* MyMemoAppUITests */ = {
			isa = PBXGroup;
			children = (
				B2DC9437211E8942004AAE86 /* MyMemoAppUITests.swift */,
				B2DC9439211E8942004AAE86 /* Info.plist */,
			);
			path = MyMemoAppUITests;
			sourceTree = "<group>";
		};
/* End PBXGroup section */

/* Begin PBXNativeTarget section */
		B2DC9413211E8940004AAE86 /* MyMemoApp */ = {
			isa = PBXNativeTarget;
			buildConfigurationList = B2DC943C211E8942004AAE86 /* Build configuration list for PBXNativeTarget "MyMemoApp" */;
			buildPhases = (
				B2DC9410211E8940004AAE86 /* Sources */,
				B2DC9411211E8940004AAE86 /* Frameworks */,
				B2DC9412211E8940004AAE86 /* Resources */,
			);
			buildRules = (
			);
			dependencies = (
			);
			name = MyMemoApp;
			productName = MyMemoApp;
			productReference = B2DC9414211E8940004AAE86 /* MyMemoApp.app */;
			productType = "com.apple.product-type.application";
		};
		B2DC9427211E8942004AAE86 /* MyMemoAppTests */ = {
			isa = PBXNativeTarget;
			buildConfigurationList = B2DC943F211E8942004AAE86 /* Build configuration list for PBXNativeTarget "MyMemoAppTests" */;
			buildPhases = (
				B2DC9424211E8942004AAE86 /* Sources */,
				B2DC9425211E8942004AAE86 /* Frameworks */,
				B2DC9426211E8942004AAE86 /* Resources */,
			);
			buildRules = (
			);
			dependencies = (
				B2DC942A211E8942004AAE86 /* PBXTargetDependency */,
			);
			name = MyMemoAppTests;
			productName = MyMemoAppTests;
			productReference = B2DC9428211E8942004AAE86 /* MyMemoAppTests.xctest */;
			productType = "com.apple.product-type.bundle.unit-test";
		};
		B2DC9432211E8942004AAE86 /* MyMemoAppUITests */ = {
			isa = PBXNativeTarget;
			buildConfigurationList = B2DC9442211E8942004AAE86 /* Build configuration list for PBXNativeTarget "MyMemoAppUITests" */;
			buildPhases = (
				B2DC942F211E8942004AAE86 /* Sources */,
				B2DC9430211E8942004AAE86 /* Frameworks */,
				B2DC9431211E8942004AAE86 /* Resources */,
			);
			buildRules = (
			);
			dependencies = (
				B2DC9435211E8942004AAE86 /* PBXTargetDependency */,
			);
			name = MyMemoAppUITests;
			productName = MyMemoAppUITests;
			productReference = B2DC9433211E8942004AAE86 /* MyMemoAppUITests.xctest */;
			productType = "com.apple.product-type.bundle.ui-testing";
		};
/* End PBXNativeTarget section */

/* Begin PBXProject section */
		B2DC940C211E8940004AAE86 /* Project object */ = {
			isa = PBXProject;
			attributes = {
				LastSwiftUpdateCheck = 0940;
				LastUpgradeCheck = 0940;
				ORGANIZATIONNAME = "Private Project";
				TargetAttributes = {
					B2DC9413211E8940004AAE86 = {
						CreatedOnToolsVersion = 9.4.1;
					};
					B2DC9427211E8942004AAE86 = {
						CreatedOnToolsVersion = 9.4.1;
						TestTargetID = B2DC9413211E8940004AAE86;
					};
					B2DC9432211E8942004AAE86 = {
						CreatedOnToolsVersion = 9.4.1;
						TestTargetID = B2DC9413211E8940004AAE86;
					};
				};
			};
			buildConfigurationList = B2DC940F211E8940004AAE86 /* Build configuration list for PBXProject "MyMemoApp" */;
			compatibilityVersion = "Xcode 9.3";
			developmentRegion = en;
			hasScannedForEncodings = 0;
			knownRegions = (
				en,
				Base,
			);
			mainGroup = B2DC940B211E893F004AAE86;
			productRefGroup = B2DC9415211E8940004AAE86 /* Products */;
			projectDirPath = "";
			projectRoot = "";
			targets = (
				B2DC9413211E8940004AAE86 /* MyMemoApp */,
				B2DC9427211E8942004AAE86 /* MyMemoAppTests */,
				B2DC9432211E8942004AAE86 /* MyMemoAppUITests */,
			);
		};
/* End PBXProject section */

/* Begin PBXResourcesBuildPhase section */
		B2DC9412211E8940004AAE86 /* Resources */ = {
			isa = PBXResourcesBuildPhase;
			buildActionMask = 2147483647;
			files = (
				B2DC9422211E8942004AAE86 /* LaunchScreen.storyboard in Resources */,
				B2DC941F211E8941004AAE86 /* Assets.xcassets in Resources */,
				B2DC941D211E8940004AAE86 /* Main.storyboard in Resources */,
			);
			runOnlyForDeploymentPostprocessing = 0;
		};
		B2DC9426211E8942004AAE86 /* Resources */ = {
			isa = PBXResourcesBuildPhase;
			buildActionMask = 2147483647;
			files = (
			);
			runOnlyForDeploymentPostprocessing = 0;
		};
		B2DC9431211E8942004AAE86 /* Resources */ = {
			isa = PBXResourcesBuildPhase;
			buildActionMask = 2147483647;
			files = (
			);
			runOnlyForDeploymentPostprocessing = 0;
		};
/* End PBXResourcesBuildPhase section */

/* Begin PBXSourcesBuildPhase section */
		B2DC9410211E8940004AAE86 /* Sources */ = {
			isa = PBXSourcesBuildPhase;
			buildActionMask = 2147483647;
			files = (
				B2DC9418211E8940004AAE86 /* AppDelegate.swift in Sources */,
				B2DC9446211E8A90004AAE86 /* MemoTableViewController.swift in Sources */,
				B2DC9448211EB8C3004AAE86 /* MemoViewController.swift in Sources */,
			);
			runOnlyForDeploymentPostprocessing = 0;
		};
		B2DC9424211E8942004AAE86 /* Sources */ = {
			isa = PBXSourcesBuildPhase;
			buildActionMask = 2147483647;
			files = (
				B2DC942D211E8942004AAE86 /* MyMemoAppTests.swift in Sources */,
			);
			runOnlyForDeploymentPostprocessing = 0;
		};
		B2DC942F211E8942004AAE86 /* Sources */ = {
			isa = PBXSourcesBuildPhase;
			buildActionMask = 2147483647;
			files = (
				B2DC9438211E8942004AAE86 /* MyMemoAppUITests.swift in Sources */,
			);
			runOnlyForDeploymentPostprocessing = 0;
		};
/* End PBXSourcesBuildPhase section */

/* Begin PBXTargetDependency section */
		B2DC942A211E8942004AAE86 /* PBXTargetDependency */ = {
			isa = PBXTargetDependency;
			target = B2DC9413211E8940004AAE86 /* MyMemoApp */;
			targetProxy = B2DC9429211E8942004AAE86 /* PBXContainerItemProxy */;
		};
		B2DC9435211E8942004AAE86 /* PBXTargetDependency */ = {
			isa = PBXTargetDependency;
			target = B2DC9413211E8940004AAE86 /* MyMemoApp */;
			targetProxy = B2DC9434211E8942004AAE86 /* PBXContainerItemProxy */;
		};
/* End PBXTargetDependency section */

/* Begin PBXVariantGroup section */
		B2DC941B211E8940004AAE86 /* Main.storyboard */ = {
			isa = PBXVariantGroup;
			children = (
				B2DC941C211E8940004AAE86 /* Base */,
			);
			name = Main.storyboard;
			sourceTree = "<group>";
		};
		B2DC9420211E8942004AAE86 /* LaunchScreen.storyboard */ = {
			isa = PBXVariantGroup;
			children = (
				B2DC9421211E8942004AAE86 /* Base */,
			);
			name = LaunchScreen.storyboard;
			sourceTree = "<group>";
		};
/* End PBXVariantGroup section */

/* Begin XCBuildConfiguration section */
		B2DC943A211E8942004AAE86 /* Debug */ = {
			isa = XCBuildConfiguration;
			buildSettings = {
				ALWAYS_SEARCH_USER_PATHS = NO;
				CLANG_ANALYZER_NONNULL = YES;
				CLANG_ANALYZER_NUMBER_OBJECT_CONVERSION = YES_AGGRESSIVE;
				CLANG_CXX_LANGUAGE_STANDARD = "gnu++14";
				CLANG_CXX_LIBRARY = "libc++";
				CLANG_ENABLE_MODULES = YES;
				CLANG_ENABLE_OBJC_ARC = YES;
				CLANG_ENABLE_OBJC_WEAK = YES;
				CLANG_WARN_BLOCK_CAPTURE_AUTORELEASING = YES;
				CLANG_WARN_BOOL_CONVERSION = YES;
				CLANG_WARN_COMMA = YES;
				CLANG_WARN_CONSTANT_CONVERSION = YES;
				CLANG_WARN_DEPRECATED_OBJC_IMPLEMENTATIONS = YES;
				CLANG_WARN_DIRECT_OBJC_ISA_USAGE = YES_ERROR;
				CLANG_WARN_DOCUMENTATION_COMMENTS = YES;
				CLANG_WARN_EMPTY_BODY = YES;
				CLANG_WARN_ENUM_CONVERSION = YES;
				CLANG_WARN_INFINITE_RECURSION = YES;
				CLANG_WARN_INT_CONVERSION = YES;
				CLANG_WARN_NON_LITERAL_NULL_CONVERSION = YES;
				CLANG_WARN_OBJC_IMPLICIT_RETAIN_SELF = YES;
				CLANG_WARN_OBJC_LITERAL_CONVERSION = YES;
				CLANG_WARN_OBJC_ROOT_CLASS = YES_ERROR;
				CLANG_WARN_RANGE_LOOP_ANALYSIS = YES;
				CLANG_WARN_STRICT_PROTOTYPES = YES;
				CLANG_WARN_SUSPICIOUS_MOVE = YES;
				CLANG_WARN_UNGUARDED_AVAILABILITY = YES_AGGRESSIVE;
				CLANG_WARN_UNREACHABLE_CODE = YES;
				CLANG_WARN__DUPLICATE_METHOD_MATCH = YES;
				CODE_SIGN_IDENTITY = "iPhone Developer";
				COPY_PHASE_STRIP = NO;
				DEBUG_INFORMATION_FORMAT = dwarf;
				ENABLE_STRICT_OBJC_MSGSEND = YES;
				ENABLE_TESTABILITY = YES;
				GCC_C_LANGUAGE_STANDARD = gnu11;
				GCC_DYNAMIC_NO_PIC = NO;
				GCC_NO_COMMON_BLOCKS = YES;
				GCC_OPTIMIZATION_LEVEL = 0;
				GCC_PREPROCESSOR_DEFINITIONS = (
					"DEBUG=1",
					"$(inherited)",
				);
				GCC_WARN_64_TO_32_BIT_CONVERSION = YES;
				GCC_WARN_ABOUT_RETURN_TYPE = YES_ERROR;
				GCC_WARN_UNDECLARED_SELECTOR = YES;
				GCC_WARN_UNINITIALIZED_AUTOS = YES_AGGRESSIVE;
				GCC_WARN_UNUSED_FUNCTION = YES;
				GCC_WARN_UNUSED_VARIABLE = YES;
				IPHONEOS_DEPLOYMENT_TARGET = 11.4;
				MTL_ENABLE_DEBUG_INFO = YES;
				ONLY_ACTIVE_ARCH = YES;
				SDKROOT = iphoneos;
				SWIFT_ACTIVE_COMPILATION_CONDITIONS = DEBUG;
				SWIFT_OPTIMIZATION_LEVEL = "-Onone";
			};
			name = Debug;
		};
		B2DC943B211E8942004AAE86 /* Release */ = {
			isa = XCBuildConfiguration;
			buildSettings = {
				ALWAYS_SEARCH_USER_PATHS = NO;
				CLANG_ANALYZER_NONNULL = YES;
				CLANG_ANALYZER_NUMBER_OBJECT_CONVERSION = YES_AGGRESSIVE;
				CLANG_CXX_LANGUAGE_STANDARD = "gnu++14";
				CLANG_CXX_LIBRARY = "libc++";
				CLANG_ENABLE_MODULES = YES;
				CLANG_ENABLE_OBJC_ARC = YES;
				CLANG_ENABLE_OBJC_WEAK = YES;
				CLANG_WARN_BLOCK_CAPTURE_AUTORELEASING = YES;
				CLANG_WARN_BOOL_CONVERSION = YES;
				CLANG_WARN_COMMA = YES;
				CLANG_WARN_CONSTANT_CONVERSION = YES;
				CLANG_WARN_DEPRECATED_OBJC_IMPLEMENTATIONS = YES;
				CLANG_WARN_DIRECT_OBJC_ISA_USAGE = YES_ERROR;
				CLANG_WARN_DOCUMENTATION_COMMENTS = YES;
				CLANG_WARN_EMPTY_BODY = YES;
				CLANG_WARN_ENUM_CONVERSION = YES;
				CLANG_WARN_INFINITE_RECURSION = YES;
				CLANG_WARN_INT_CONVERSION = YES;
				CLANG_WARN_NON_LITERAL_NULL_CONVERSION = YES;
				CLANG_WARN_OBJC_IMPLICIT_RETAIN_SELF = YES;
				CLANG_WARN_OBJC_LITERAL_CONVERSION = YES;
				CLANG_WARN_OBJC_ROOT_CLASS = YES_ERROR;
				CLANG_WARN_RANGE_LOOP_ANALYSIS = YES;
				CLANG_WARN_STRICT_PROTOTYPES = YES;
				CLANG_WARN_SUSPICIOUS_MOVE = YES;
				CLANG_WARN_UNGUARDED_AVAILABILITY = YES_AGGRESSIVE;
				CLANG_WARN_UNREACHABLE_CODE = YES;
				CLANG_WARN__DUPLICATE_METHOD_MATCH = YES;
				CODE_SIGN_IDENTITY = "iPhone Developer";
				COPY_PHASE_STRIP = NO;
				DEBUG_INFORMATION_FORMAT = "dwarf-with-dsym";
				ENABLE_NS_ASSERTIONS = NO;
				ENABLE_STRICT_OBJC_MSGSEND = YES;
				GCC_C_LANGUAGE_STANDARD = gnu11;
				GCC_NO_COMMON_BLOCKS = YES;
				GCC_WARN_64_TO_32_BIT_CONVERSION = YES;
				GCC_WARN_ABOUT_RETURN_TYPE = YES_ERROR;
				GCC_WARN_UNDECLARED_SELECTOR = YES;
				GCC_WARN_UNINITIALIZED_AUTOS = YES_AGGRESSIVE;
				GCC_WARN_UNUSED_FUNCTION = YES;
				GCC_WARN_UNUSED_VARIABLE = YES;
				IPHONEOS_DEPLOYMENT_TARGET = 11.4;
				MTL_ENABLE_DEBUG_INFO = NO;
				SDKROOT = iphoneos;
				SWIFT_COMPILATION_MODE = wholemodule;
				SWIFT_OPTIMIZATION_LEVEL = "-O";
				VALIDATE_PRODUCT = YES;
			};
			name = Release;
		};
		B2DC943D211E8942004AAE86 /* Debug */ = {
			isa = XCBuildConfiguration;
			buildSettings = {
				ASSETCATALOG_COMPILER_APPICON_NAME = AppIcon;
				CODE_SIGN_STYLE = Automatic;
				DEVELOPMENT_TEAM = 9H5U5X4L8B;
				INFOPLIST_FILE = MyMemoApp/Info.plist;
				LD_RUNPATH_SEARCH_PATHS = (
					"$(inherited)",
					"@executable_path/Frameworks",
				);
				PRODUCT_BUNDLE_IDENTIFIER = sam.firstapp.MyMemoApp;
				PRODUCT_NAME = "$(TARGET_NAME)";
				SWIFT_VERSION = 4.0;
				TARGETED_DEVICE_FAMILY = "1,2";
			};
			name = Debug;
		};
		B2DC943E211E8942004AAE86 /* Release */ = {
			isa = XCBuildConfiguration;
			buildSettings = {
				ASSETCATALOG_COMPILER_APPICON_NAME = AppIcon;
				CODE_SIGN_STYLE = Automatic;
				DEVELOPMENT_TEAM = 9H5U5X4L8B;
				INFOPLIST_FILE = MyMemoApp/Info.plist;
				LD_RUNPATH_SEARCH_PATHS = (
					"$(inherited)",
					"@executable_path/Frameworks",
				);
				PRODUCT_BUNDLE_IDENTIFIER = sam.firstapp.MyMemoApp;
				PRODUCT_NAME = "$(TARGET_NAME)";
				SWIFT_VERSION = 4.0;
				TARGETED_DEVICE_FAMILY = "1,2";
			};
			name = Release;
		};
		B2DC9440211E8942004AAE86 /* Debug */ = {
			isa = XCBuildConfiguration;
			buildSettings = {
				ALWAYS_EMBED_SWIFT_STANDARD_LIBRARIES = YES;
				BUNDLE_LOADER = "$(TEST_HOST)";
				CODE_SIGN_STYLE = Automatic;
				DEVELOPMENT_TEAM = 9H5U5X4L8B;
				INFOPLIST_FILE = MyMemoAppTests/Info.plist;
				LD_RUNPATH_SEARCH_PATHS = (
					"$(inherited)",
					"@executable_path/Frameworks",
					"@loader_path/Frameworks",
				);
				PRODUCT_BUNDLE_IDENTIFIER = sam.firstapp.MyMemoAppTests;
				PRODUCT_NAME = "$(TARGET_NAME)";
				SWIFT_VERSION = 4.0;
				TARGETED_DEVICE_FAMILY = "1,2";
				TEST_HOST = "$(BUILT_PRODUCTS_DIR)/MyMemoApp.app/MyMemoApp";
			};
			name = Debug;
		};
		B2DC9441211E8942004AAE86 /* Release */ = {
			isa = XCBuildConfiguration;
			buildSettings = {
				ALWAYS_EMBED_SWIFT_STANDARD_LIBRARIES = YES;
				BUNDLE_LOADER = "$(TEST_HOST)";
				CODE_SIGN_STYLE = Automatic;
				DEVELOPMENT_TEAM = 9H5U5X4L8B;
				INFOPLIST_FILE = MyMemoAppTests/Info.plist;
				LD_RUNPATH_SEARCH_PATHS = (
					"$(inherited)",
					"@executable_path/Frameworks",
					"@loader_path/Frameworks",
				);
				PRODUCT_BUNDLE_IDENTIFIER = sam.firstapp.MyMemoAppTests;
				PRODUCT_NAME = "$(TARGET_NAME)";
				SWIFT_VERSION = 4.0;
				TARGETED_DEVICE_FAMILY = "1,2";
				TEST_HOST = "$(BUILT_PRODUCTS_DIR)/MyMemoApp.app/MyMemoApp";
			};
			name = Release;
		};
		B2DC9443211E8942004AAE86 /* Debug */ = {
			isa = XCBuildConfiguration;
			buildSettings = {
				ALWAYS_EMBED_SWIFT_STANDARD_LIBRARIES = YES;
				CODE_SIGN_STYLE = Automatic;
				DEVELOPMENT_TEAM = 9H5U5X4L8B;
				INFOPLIST_FILE = MyMemoAppUITests/Info.plist;
				LD_RUNPATH_SEARCH_PATHS = (
					"$(inherited)",
					"@executable_path/Frameworks",
					"@loader_path/Frameworks",
				);
				PRODUCT_BUNDLE_IDENTIFIER = sam.firstapp.MyMemoAppUITests;
				PRODUCT_NAME = "$(TARGET_NAME)";
				SWIFT_VERSION = 4.0;
				TARGETED_DEVICE_FAMILY = "1,2";
				TEST_TARGET_NAME = MyMemoApp;
			};
			name = Debug;
		};
		B2DC9444211E8942004AAE86 /* Release */ = {
			isa = XCBuildConfiguration;
			buildSettings = {
				ALWAYS_EMBED_SWIFT_STANDARD_LIBRARIES = YES;
				CODE_SIGN_STYLE = Automatic;
				DEVELOPMENT_TEAM = 9H5U5X4L8B;
				INFOPLIST_FILE = MyMemoAppUITests/Info.plist;
				LD_RUNPATH_SEARCH_PATHS = (
					"$(inherited)",
					"@executable_path/Frameworks",
					"@loader_path/Frameworks",
				);
				PRODUCT_BUNDLE_IDENTIFIER = sam.firstapp.MyMemoAppUITests;
				PRODUCT_NAME = "$(TARGET_NAME)";
				SWIFT_VERSION = 4.0;
				TARGETED_DEVICE_FAMILY = "1,2";
				TEST_TARGET_NAME = MyMemoApp;
			};
			name = Release;
		};
/* End XCBuildConfiguration section */

/* Begin XCConfigurationList section */
		B2DC940F211E8940004AAE86 /* Build configuration list for PBXProject "MyMemoApp" */ = {
			isa = XCConfigurationList;
			buildConfigurations = (
				B2DC943A211E8942004AAE86 /* Debug */,
				B2DC943B211E8942004AAE86 /* Release */,
			);
			defaultConfigurationIsVisible = 0;
			defaultConfigurationName = Release;
		};
		B2DC943C211E8942004AAE86 /* Build configuration list for PBXNativeTarget "MyMemoApp" */ = {
			isa = XCConfigurationList;
			buildConfigurations = (
				B2DC943D211E8942004AAE86 /* Debug */,
				B2DC943E211E8942004AAE86 /* Release */,
			);
			defaultConfigurationIsVisible = 0;
			defaultConfigurationName = Release;
		};
		B2DC943F211E8942004AAE86 /* Build configuration list for PBXNativeTarget "MyMemoAppTests" */ = {
			isa = XCConfigurationList;
			buildConfigurations = (
				B2DC9440211E8942004AAE86 /* Debug */,
				B2DC9441211E8942004AAE86 /* Release */,
			);
			defaultConfigurationIsVisible = 0;
			defaultConfigurationName = Release;
		};
		B2DC9442211E8942004AAE86 /* Build configuration list for PBXNativeTarget "MyMemoAppUITests" */ = {
			isa = XCConfigurationList;
			buildConfigurations = (
				B2DC9443211E8942004AAE86 /* Debug */,
				B2DC9444211E8942004AAE86 /* Release */,
			);
			defaultConfigurationIsVisible = 0;
			defaultConfigurationName = Release;
		};
/* End XCConfigurationList section */
	};
	rootObject = B2DC940C211E8940004AAE86 /* Project object */;
}
